<Solution>
    <Folder Name="/dev/">
        <File Path=".editorconfig" />
        <File Path=".gitignore" />
        <File Path="build.ps1" />
        <File Path="Directory.Build.props" />
        <File Path="Directory.Packages.props" />
        <File Path="LICENSE.md" />
        <File Path="nuget.config" />
        <File Path="pdsi.ico" />
        <File Path="pdsi.png" />
        <File Path="README.md" />
        <File Path="scratch.md" />
        <File Path="version.json" />
    </Folder>
    <Folder Name="/docs/">
        <File Path="docs/PUBLISHING.md" />
    </Folder>
    <Folder Name="/src/">
        <File Path="docs/PUBLISHING.md" />
        <Project Path="src/ProvisionData.HaloPSA.ApiClient.Contracts/ProvisionData.HaloPSA.ApiClient.Contracts.csproj" />
        <Project Path="src/ProvisionData.HaloPSA.ApiClient.Generator/ProvisionData.HaloPSA.ApiClient.ModelGenerator.csproj" />
        <Project Path="src/ProvisionData.HaloPSA.ApiClient/ProvisionData.HaloPSA.ApiClient.csproj" />
    </Folder>
    <Folder Name="/tests/">
        <Project Path="tests/ProvisionData.HaloPSA.ApiClient.IntegrationTests/ProvisionData.HaloPSA.ApiClient.IntegrationTests.csproj" Id="e237d8c8-a9af-44cb-b75c-80d781c912f0" />
        <Project Path="tests/ProvisionData.HaloPSA.ApiClient.UnitTests/ProvisionData.HaloPSA.ApiClient.UnitTests.csproj" />
    </Folder>
</Solution>
